github.com/tamboto2000/jsonextract/v2 v2.2.0 h1:Fbq/loJ5EFMtkkAGwIh9UO+LU194c9k+AN2CPvwPm9E=
github.com/tamboto2000/jsonextract/v2 v2.2.0/go.mod h1:XBnFkvigA4cfe0dPxV7CHZogmo+yxaKm58VBdcLRPG4=
github.com/tamboto2000/random v1.0.0 h1:iODDJlcl7Ejl3d/5Y8gde4YPiqrvg3sYnhGV8crxgoU=
github.com/tamboto2000/random v1.0.0/go.mod h1:PGjYFpO1SGvCH8UJ7yAcLOROSspEmjT0nZwArCfNnio=
